
Microsoft Visual Studio Solution File, Format Version 12.00
# Visual Studio Version 16
VisualStudioVersion = 16.0.30413.136
MinimumVisualStudioVersion = 10.0.40219.1
Project("{FAE04EC0-301F-11D3-BF4B-00C04F79EFBC}") = "HumanResourceHelth.Web", "HumanResourceHelth\HumanResourceHelth.Web.csproj", "{6669ECFE-5145-4B92-9801-E1CCABEF85BE}"
EndProject
Project("{FAE04EC0-301F-11D3-BF4B-00C04F79EFBC}") = "HumanResourceHelth.Model", "HumanResourceHelth.Model\HumanResourceHelth.Model.csproj", "{8B766F5B-C039-495B-9958-BF05087110B6}"
EndProject
Project("{FAE04EC0-301F-11D3-BF4B-00C04F79EFBC}") = "HumanResourceHelth.DataAccess", "HumanResourceHelth.DataAccess\HumanResourceHelth.DataAccess.csproj", "{BD76229F-0D5D-42A5-BE76-4DA7E405AA45}"
EndProject
Global
	GlobalSection(SolutionConfigurationPlatforms) = preSolution
		Debug|Any CPU = Debug|Any CPU
		Release|Any CPU = Release|Any CPU
	EndGlobalSection
	GlobalSection(ProjectConfigurationPlatforms) = postSolution
		{6669ECFE-5145-4B92-9801-E1CCABEF85BE}.Debug|Any CPU.ActiveCfg = Debug|Any CPU
		{6669ECFE-5145-4B92-9801-E1CCABEF85BE}.Debug|Any CPU.Build.0 = Debug|Any CPU
		{6669ECFE-5145-4B92-9801-E1CCABEF85BE}.Release|Any CPU.ActiveCfg = Release|Any CPU
		{6669ECFE-5145-4B92-9801-E1CCABEF85BE}.Release|Any CPU.Build.0 = Release|Any CPU
		{8B766F5B-C039-495B-9958-BF05087110B6}.Debug|Any CPU.ActiveCfg = Debug|Any CPU
		{8B766F5B-C039-495B-9958-BF05087110B6}.Debug|Any CPU.Build.0 = Debug|Any CPU
		{8B766F5B-C039-495B-9958-BF05087110B6}.Release|Any CPU.ActiveCfg = Release|Any CPU
		{8B766F5B-C039-495B-9958-BF05087110B6}.Release|Any CPU.Build.0 = Release|Any CPU
		{BD76229F-0D5D-42A5-BE76-4DA7E405AA45}.Debug|Any CPU.ActiveCfg = Debug|Any CPU
		{BD76229F-0D5D-42A5-BE76-4DA7E405AA45}.Debug|Any CPU.Build.0 = Debug|Any CPU
		{BD76229F-0D5D-42A5-BE76-4DA7E405AA45}.Release|Any CPU.ActiveCfg = Release|Any CPU
		{BD76229F-0D5D-42A5-BE76-4DA7E405AA45}.Release|Any CPU.Build.0 = Release|Any CPU
	EndGlobalSection
	GlobalSection(SolutionProperties) = preSolution
		HideSolutionNode = FALSE
	EndGlobalSection
	GlobalSection(ExtensibilityGlobals) = postSolution
		SolutionGuid = {A79A436D-7605-4F89-883A-135D32ED7C78}
	EndGlobalSection
EndGlobal
